
Microsoft Visual Studio Solution File, Format Version 12.00
# Visual Studio 2013
VisualStudioVersion = 12.0.40629.0
MinimumVisualStudioVersion = 10.0.40219.1
Project("{FAE04EC0-301F-11D3-BF4B-00C04F79EFBC}") = "SignalRSelfHost", "SignalRSelfHost\SignalRSelfHost.csproj", "{5B97791C-92CD-4B6D-B515-8CD6A8378631}"
EndProject
Project("{FAE04EC0-301F-11D3-BF4B-00C04F79EFBC}") = "JavaScriptClient", "JavaScriptClient\JavaScriptClient.csproj", "{64FCCACD-8048-47ED-B269-C503B7D32EFD}"
EndProject
Global
	GlobalSection(SolutionConfigurationPlatforms) = preSolution
		Debug|Any CPU = Debug|Any CPU
		Release|Any CPU = Release|Any CPU
	EndGlobalSection
	GlobalSection(ProjectConfigurationPlatforms) = postSolution
		{5B97791C-92CD-4B6D-B515-8CD6A8378631}.Debug|Any CPU.ActiveCfg = Debug|Any CPU
		{5B97791C-92CD-4B6D-B515-8CD6A8378631}.Debug|Any CPU.Build.0 = Debug|Any CPU
		{5B97791C-92CD-4B6D-B515-8CD6A8378631}.Release|Any CPU.ActiveCfg = Release|Any CPU
		{5B97791C-92CD-4B6D-B515-8CD6A8378631}.Release|Any CPU.Build.0 = Release|Any CPU
		{64FCCACD-8048-47ED-B269-C503B7D32EFD}.Debug|Any CPU.ActiveCfg = Debug|Any CPU
		{64FCCACD-8048-47ED-B269-C503B7D32EFD}.Debug|Any CPU.Build.0 = Debug|Any CPU
		{64FCCACD-8048-47ED-B269-C503B7D32EFD}.Release|Any CPU.ActiveCfg = Release|Any CPU
		{64FCCACD-8048-47ED-B269-C503B7D32EFD}.Release|Any CPU.Build.0 = Release|Any CPU
	EndGlobalSection
	GlobalSection(SolutionProperties) = preSolution
		HideSolutionNode = FALSE
	EndGlobalSection
EndGlobal
